
Microsoft Visual Studio Solution File, Format Version 12.00
# Visual Studio 15
VisualStudioVersion = 15.0.28307.1082
MinimumVisualStudioVersion = 10.0.40219.1
Project("{8BC9CEB8-8B4A-11D0-8D11-00A0C91BC942}") = "Lab", "Lab\Lab.vcxproj", "{6DC43542-2369-4E95-A4B5-CA766F321CB5}"
EndProject
Project("{8BC9CEB8-8B4A-11D0-8D11-00A0C91BC942}") = "Lab 8 Student01", "Lab 8 Student01\Lab 8 Student01.vcxproj", "{9DE9B105-8671-4683-A891-5F9A996E3F17}"
EndProject
Project("{8BC9CEB8-8B4A-11D0-8D11-00A0C91BC942}") = "Lab 8 Student02", "Lab 8 Student02\Lab 8 Student02.vcxproj", "{FEA5C8A8-44E4-46A2-98B8-4737E171595C}"
EndProject
Project("{8BC9CEB8-8B4A-11D0-8D11-00A0C91BC942}") = "Lab 8 Itog Time", "Lab 8 Itog Time\Lab 8 Itog Time.vcxproj", "{8D94A992-5520-4AE0-B018-815E542A3168}"
EndProject
Project("{8BC9CEB8-8B4A-11D0-8D11-00A0C91BC942}") = "Lab 9", "Lab 9\Lab 9.vcxproj", "{F4290EA0-33A7-4200-9603-0408BDF47A14}"
EndProject
Project("{8BC9CEB8-8B4A-11D0-8D11-00A0C91BC942}") = "Lab 10", "Lab 10\Lab 10.vcxproj", "{F016AEC2-13D8-44F9-8C48-84B5842B56D4}"
EndProject
Project("{8BC9CEB8-8B4A-11D0-8D11-00A0C91BC942}") = "Lab 11", "Lab 11\Lab 11.vcxproj", "{79DDF2C5-5209-43D8-8C25-3E5680662360}"
EndProject
Project("{8BC9CEB8-8B4A-11D0-8D11-00A0C91BC942}") = "Lab 12 Inheritance", "Lab 12 Inheritance\Lab 12 Inheritance.vcxproj", "{56489E0A-BC9A-44EF-BA0C-F6D929AA3E5D}"
EndProject
Project("{8BC9CEB8-8B4A-11D0-8D11-00A0C91BC942}") = "Lab 13 Polymorphism", "Lab 13\Lab 13.vcxproj", "{A38390D4-D800-456C-B705-8E0ECE0551CA}"
EndProject
Project("{8BC9CEB8-8B4A-11D0-8D11-00A0C91BC942}") = "Lab 14 Templates", "Lab 14 Templates\Lab 14 Templates.vcxproj", "{349BFDDE-EFA8-40DF-B5C6-49123A8B5A10}"
EndProject
Project("{8BC9CEB8-8B4A-11D0-8D11-00A0C91BC942}") = "Lab 15 STL", "Lab 15 STL\Lab 15 STL.vcxproj", "{9844E209-FBBE-4062-B291-6A2F01F12C60}"
EndProject
Global
	GlobalSection(SolutionConfigurationPlatforms) = preSolution
		Debug|x64 = Debug|x64
		Debug|x86 = Debug|x86
		Release|x64 = Release|x64
		Release|x86 = Release|x86
	EndGlobalSection
	GlobalSection(ProjectConfigurationPlatforms) = postSolution
		{6DC43542-2369-4E95-A4B5-CA766F321CB5}.Debug|x64.ActiveCfg = Debug|x64
		{6DC43542-2369-4E95-A4B5-CA766F321CB5}.Debug|x64.Build.0 = Debug|x64
		{6DC43542-2369-4E95-A4B5-CA766F321CB5}.Debug|x86.ActiveCfg = Debug|Win32
		{6DC43542-2369-4E95-A4B5-CA766F321CB5}.Debug|x86.Build.0 = Debug|Win32
		{6DC43542-2369-4E95-A4B5-CA766F321CB5}.Release|x64.ActiveCfg = Release|x64
		{6DC43542-2369-4E95-A4B5-CA766F321CB5}.Release|x64.Build.0 = Release|x64
		{6DC43542-2369-4E95-A4B5-CA766F321CB5}.Release|x86.ActiveCfg = Release|Win32
		{6DC43542-2369-4E95-A4B5-CA766F321CB5}.Release|x86.Build.0 = Release|Win32
		{9DE9B105-8671-4683-A891-5F9A996E3F17}.Debug|x64.ActiveCfg = Debug|x64
		{9DE9B105-8671-4683-A891-5F9A996E3F17}.Debug|x64.Build.0 = Debug|x64
		{9DE9B105-8671-4683-A891-5F9A996E3F17}.Debug|x86.ActiveCfg = Debug|Win32
		{9DE9B105-8671-4683-A891-5F9A996E3F17}.Debug|x86.Build.0 = Debug|Win32
		{9DE9B105-8671-4683-A891-5F9A996E3F17}.Release|x64.ActiveCfg = Release|x64
		{9DE9B105-8671-4683-A891-5F9A996E3F17}.Release|x64.Build.0 = Release|x64
		{9DE9B105-8671-4683-A891-5F9A996E3F17}.Release|x86.ActiveCfg = Release|Win32
		{9DE9B105-8671-4683-A891-5F9A996E3F17}.Release|x86.Build.0 = Release|Win32
		{FEA5C8A8-44E4-46A2-98B8-4737E171595C}.Debug|x64.ActiveCfg = Debug|x64
		{FEA5C8A8-44E4-46A2-98B8-4737E171595C}.Debug|x64.Build.0 = Debug|x64
		{FEA5C8A8-44E4-46A2-98B8-4737E171595C}.Debug|x86.ActiveCfg = Debug|Win32
		{FEA5C8A8-44E4-46A2-98B8-4737E171595C}.Debug|x86.Build.0 = Debug|Win32
		{FEA5C8A8-44E4-46A2-98B8-4737E171595C}.Release|x64.ActiveCfg = Release|x64
		{FEA5C8A8-44E4-46A2-98B8-4737E171595C}.Release|x64.Build.0 = Release|x64
		{FEA5C8A8-44E4-46A2-98B8-4737E171595C}.Release|x86.ActiveCfg = Release|Win32
		{FEA5C8A8-44E4-46A2-98B8-4737E171595C}.Release|x86.Build.0 = Release|Win32
		{8D94A992-5520-4AE0-B018-815E542A3168}.Debug|x64.ActiveCfg = Debug|x64
		{8D94A992-5520-4AE0-B018-815E542A3168}.Debug|x64.Build.0 = Debug|x64
		{8D94A992-5520-4AE0-B018-815E542A3168}.Debug|x86.ActiveCfg = Debug|Win32
		{8D94A992-5520-4AE0-B018-815E542A3168}.Debug|x86.Build.0 = Debug|Win32
		{8D94A992-5520-4AE0-B018-815E542A3168}.Release|x64.ActiveCfg = Release|x64
		{8D94A992-5520-4AE0-B018-815E542A3168}.Release|x64.Build.0 = Release|x64
		{8D94A992-5520-4AE0-B018-815E542A3168}.Release|x86.ActiveCfg = Release|Win32
		{8D94A992-5520-4AE0-B018-815E542A3168}.Release|x86.Build.0 = Release|Win32
		{F4290EA0-33A7-4200-9603-0408BDF47A14}.Debug|x64.ActiveCfg = Debug|x64
		{F4290EA0-33A7-4200-9603-0408BDF47A14}.Debug|x64.Build.0 = Debug|x64
		{F4290EA0-33A7-4200-9603-0408BDF47A14}.Debug|x86.ActiveCfg = Debug|Win32
		{F4290EA0-33A7-4200-9603-0408BDF47A14}.Debug|x86.Build.0 = Debug|Win32
		{F4290EA0-33A7-4200-9603-0408BDF47A14}.Release|x64.ActiveCfg = Release|x64
		{F4290EA0-33A7-4200-9603-0408BDF47A14}.Release|x64.Build.0 = Release|x64
		{F4290EA0-33A7-4200-9603-0408BDF47A14}.Release|x86.ActiveCfg = Release|Win32
		{F4290EA0-33A7-4200-9603-0408BDF47A14}.Release|x86.Build.0 = Release|Win32
		{F016AEC2-13D8-44F9-8C48-84B5842B56D4}.Debug|x64.ActiveCfg = Debug|x64
		{F016AEC2-13D8-44F9-8C48-84B5842B56D4}.Debug|x64.Build.0 = Debug|x64
		{F016AEC2-13D8-44F9-8C48-84B5842B56D4}.Debug|x86.ActiveCfg = Debug|Win32
		{F016AEC2-13D8-44F9-8C48-84B5842B56D4}.Debug|x86.Build.0 = Debug|Win32
		{F016AEC2-13D8-44F9-8C48-84B5842B56D4}.Release|x64.ActiveCfg = Release|x64
		{F016AEC2-13D8-44F9-8C48-84B5842B56D4}.Release|x64.Build.0 = Release|x64
		{F016AEC2-13D8-44F9-8C48-84B5842B56D4}.Release|x86.ActiveCfg = Release|Win32
		{F016AEC2-13D8-44F9-8C48-84B5842B56D4}.Release|x86.Build.0 = Release|Win32
		{79DDF2C5-5209-43D8-8C25-3E5680662360}.Debug|x64.ActiveCfg = Debug|x64
		{79DDF2C5-5209-43D8-8C25-3E5680662360}.Debug|x64.Build.0 = Debug|x64
		{79DDF2C5-5209-43D8-8C25-3E5680662360}.Debug|x86.ActiveCfg = Debug|Win32
		{79DDF2C5-5209-43D8-8C25-3E5680662360}.Debug|x86.Build.0 = Debug|Win32
		{79DDF2C5-5209-43D8-8C25-3E5680662360}.Release|x64.ActiveCfg = Release|x64
		{79DDF2C5-5209-43D8-8C25-3E5680662360}.Release|x64.Build.0 = Release|x64
		{79DDF2C5-5209-43D8-8C25-3E5680662360}.Release|x86.ActiveCfg = Release|Win32
		{79DDF2C5-5209-43D8-8C25-3E5680662360}.Release|x86.Build.0 = Release|Win32
		{56489E0A-BC9A-44EF-BA0C-F6D929AA3E5D}.Debug|x64.ActiveCfg = Debug|x64
		{56489E0A-BC9A-44EF-BA0C-F6D929AA3E5D}.Debug|x64.Build.0 = Debug|x64
		{56489E0A-BC9A-44EF-BA0C-F6D929AA3E5D}.Debug|x86.ActiveCfg = Debug|Win32
		{56489E0A-BC9A-44EF-BA0C-F6D929AA3E5D}.Debug|x86.Build.0 = Debug|Win32
		{56489E0A-BC9A-44EF-BA0C-F6D929AA3E5D}.Release|x64.ActiveCfg = Release|x64
		{56489E0A-BC9A-44EF-BA0C-F6D929AA3E5D}.Release|x64.Build.0 = Release|x64
		{56489E0A-BC9A-44EF-BA0C-F6D929AA3E5D}.Release|x86.ActiveCfg = Release|Win32
		{56489E0A-BC9A-44EF-BA0C-F6D929AA3E5D}.Release|x86.Build.0 = Release|Win32
		{A38390D4-D800-456C-B705-8E0ECE0551CA}.Debug|x64.ActiveCfg = Debug|x64
		{A38390D4-D800-456C-B705-8E0ECE0551CA}.Debug|x64.Build.0 = Debug|x64
		{A38390D4-D800-456C-B705-8E0ECE0551CA}.Debug|x86.ActiveCfg = Debug|Win32
		{A38390D4-D800-456C-B705-8E0ECE0551CA}.Debug|x86.Build.0 = Debug|Win32
		{A38390D4-D800-456C-B705-8E0ECE0551CA}.Release|x64.ActiveCfg = Release|x64
		{A38390D4-D800-456C-B705-8E0ECE0551CA}.Release|x64.Build.0 = Release|x64
		{A38390D4-D800-456C-B705-8E0ECE0551CA}.Release|x86.ActiveCfg = Release|Win32
		{A38390D4-D800-456C-B705-8E0ECE0551CA}.Release|x86.Build.0 = Release|Win32
		{349BFDDE-EFA8-40DF-B5C6-49123A8B5A10}.Debug|x64.ActiveCfg = Debug|x64
		{349BFDDE-EFA8-40DF-B5C6-49123A8B5A10}.Debug|x64.Build.0 = Debug|x64
		{349BFDDE-EFA8-40DF-B5C6-49123A8B5A10}.Debug|x86.ActiveCfg = Debug|Win32
		{349BFDDE-EFA8-40DF-B5C6-49123A8B5A10}.Debug|x86.Build.0 = Debug|Win32
		{349BFDDE-EFA8-40DF-B5C6-49123A8B5A10}.Release|x64.ActiveCfg = Release|x64
		{349BFDDE-EFA8-40DF-B5C6-49123A8B5A10}.Release|x64.Build.0 = Release|x64
		{349BFDDE-EFA8-40DF-B5C6-49123A8B5A10}.Release|x86.ActiveCfg = Release|Win32
		{349BFDDE-EFA8-40DF-B5C6-49123A8B5A10}.Release|x86.Build.0 = Release|Win32
		{9844E209-FBBE-4062-B291-6A2F01F12C60}.Debug|x64.ActiveCfg = Debug|x64
		{9844E209-FBBE-4062-B291-6A2F01F12C60}.Debug|x64.Build.0 = Debug|x64
		{9844E209-FBBE-4062-B291-6A2F01F12C60}.Debug|x86.ActiveCfg = Debug|Win32
		{9844E209-FBBE-4062-B291-6A2F01F12C60}.Debug|x86.Build.0 = Debug|Win32
		{9844E209-FBBE-4062-B291-6A2F01F12C60}.Release|x64.ActiveCfg = Release|x64
		{9844E209-FBBE-4062-B291-6A2F01F12C60}.Release|x64.Build.0 = Release|x64
		{9844E209-FBBE-4062-B291-6A2F01F12C60}.Release|x86.ActiveCfg = Release|Win32
		{9844E209-FBBE-4062-B291-6A2F01F12C60}.Release|x86.Build.0 = Release|Win32
	EndGlobalSection
	GlobalSection(SolutionProperties) = preSolution
		HideSolutionNode = FALSE
	EndGlobalSection
	GlobalSection(ExtensibilityGlobals) = postSolution
		SolutionGuid = {A3FD34FA-A495-4797-BAD5-520C43BE945E}
	EndGlobalSection
EndGlobal
